# This file was autogenerated by Stack.
# You should not edit this file by hand.
# For more information, please see the documentation at:
#   https://docs.haskellstack.org/en/stable/lock_files

packages:
- completed:
    hackage: gloss-1.13.1.1@sha256:c0a66fc81fca191714b48b8faa8166f4222f06305e34094ceb586bade3a892ad,4194
    pantry-tree:
      size: 3807
      sha256: 570e79a2ef42443cfcb657e2944922935c4392ac38eebf51bd32dad65ff304c1
  original:
    hackage: gloss-1.13.1.1
- completed:
    hackage: gloss-rendering-1.13.1.1@sha256:e7e1e16596a0b30dfc35c8f09685fc0642faefa8729227abaad99bdb2f1ba883,1715
    pantry-tree:
      size: 895
      sha256: f16864d3b42b89407dac6d0959601e127147ed2bd3ce8f0cba8a9afbc0b3a2a2
  original:
    hackage: gloss-rendering-1.13.1.1
- completed:
    hackage: containers-0.6.2.1@sha256:bbc3d2d5eef59a5d26383fb4b727c968390f2b6e9bd413d29aa875175bb16f8b,2460
    pantry-tree:
      size: 2823
      sha256: 5bb0af2da4e4cc5472a17063ecdbda8f1117e5f3509fcd600f2cbd7e2b760f49
  original:
    hackage: containers-0.6.2.1
snapshots:
- completed:
    size: 494638
    url: https://raw.githubusercontent.com/commercialhaskell/stackage-snapshots/master/lts/15/11.yaml
    sha256: 5747328cdcbb8fe9c96fc048b5566167c80dd176a41b52d3b363058e3cc1dc5d
  original: lts-15.11
